<?xml version="1.0" encoding="utf-8"?>
<Project ToolsVersion="4.0" xmlns="http://schemas.microsoft.com/developer/msbuild/2003">
  <ItemGroup>
    <Filter Include="win32">
      <UniqueIdentifier>{84a8ebd7-7cf0-47f6-b75e-d441df67da40}</UniqueIdentifier>
    </Filter>
    <Filter Include="resource">
      <UniqueIdentifier>{715254bc-d70b-4ec5-bf29-467dd3ace079}</UniqueIdentifier>
    </Filter>
    <Filter Include="src">
      <UniqueIdentifier>{bb6c862e-70e9-49d9-81b7-3829a6f50471}</UniqueIdentifier>
    </Filter>
    <Filter Include="src\headers">
      <UniqueIdentifier>{0fa7b863-6f84-4eb1-8ddb-658a19c263b7}</UniqueIdentifier>
    </Filter>
    <Filter Include="src\components">
      <UniqueIdentifier>{25e5bea0-99fc-48df-b610-ead1d432bbc7}</UniqueIdentifier>
    </Filter>
    <Filter Include="src\headers\actors">
      <UniqueIdentifier>{77abc24c-754a-413b-ac97-b7e940bc4535}</UniqueIdentifier>
    </Filter>
    <Filter Include="src\headers\levels">
      <UniqueIdentifier>{ef9a6c7b-8f24-46ad-8793-a4fc6e72c0cd}</UniqueIdentifier>
    </Filter>
    <Filter Include="src\headers\components">
      <UniqueIdentifier>{d2c6b135-fd1a-498f-8ff0-27cb972abab4}</UniqueIdentifier>
    </Filter>
    <Filter Include="src\headers\menus">
      <UniqueIdentifier>{377bc166-bbad-49b4-abbd-af2019580320}</UniqueIdentifier>
    </Filter>
    <Filter Include="src\actors">
      <UniqueIdentifier>{8e12a393-c7d1-4717-af9c-92b8f1b0be68}</UniqueIdentifier>
    </Filter>
    <Filter Include="src\levels">
      <UniqueIdentifier>{79a17cce-5444-4d33-9450-63435117b6a4}</UniqueIdentifier>
    </Filter>
    <Filter Include="src\menus">
      <UniqueIdentifier>{cfd94d4a-2a12-48d6-b4d3-8e52d4b7e9f1}</UniqueIdentifier>
    </Filter>
  </ItemGroup>
  <ItemGroup>
    <ClCompile Include="main.cpp">
      <Filter>win32</Filter>
    </ClCompile>
    <ClCompile Include="..\Classes\AppDelegate.cpp">
      <Filter>src</Filter>
    </ClCompile>
    <ClCompile Include="..\Classes\SelectMenuLayer.cpp">
      <Filter>src\menus</Filter>
    </ClCompile>
    <ClCompile Include="..\Classes\OptionsLayer.cpp">
      <Filter>src\menus</Filter>
    </ClCompile>
    <ClCompile Include="..\Classes\MainMenuLayer.cpp">
      <Filter>src\menus</Filter>
    </ClCompile>
    <ClCompile Include="..\Classes\Background.cpp">
      <Filter>src\components</Filter>
    </ClCompile>
    <ClCompile Include="..\Classes\BackGround3Parts.cpp">
      <Filter>src\components</Filter>
    </ClCompile>
    <ClCompile Include="..\Classes\Blizzard.cpp">
      <Filter>src\components</Filter>
    </ClCompile>
    <ClCompile Include="..\Classes\Cloud.cpp">
      <Filter>src\components</Filter>
    </ClCompile>
    <ClCompile Include="..\Classes\HealthParticle.cpp">
      <Filter>src\components</Filter>
    </ClCompile>
    <ClCompile Include="..\Classes\BasicEnemy.cpp">
      <Filter>src\actors</Filter>
    </ClCompile>
    <ClCompile Include="..\Classes\EnemyBullet.cpp">
      <Filter>src\actors</Filter>
    </ClCompile>
    <ClCompile Include="..\Classes\EnemyBulletSmart.cpp">
      <Filter>src\actors</Filter>
    </ClCompile>
    <ClCompile Include="..\Classes\HeightEnemy.cpp">
      <Filter>src\actors</Filter>
    </ClCompile>
    <ClCompile Include="..\Classes\MediumEnemy.cpp">
      <Filter>src\actors</Filter>
    </ClCompile>
    <ClCompile Include="..\Classes\Player.cpp">
      <Filter>src\actors</Filter>
    </ClCompile>
    <ClCompile Include="..\Classes\PlayerBullet.cpp">
      <Filter>src\actors</Filter>
    </ClCompile>
    <ClCompile Include="..\Classes\PlayerBulletx2.cpp">
      <Filter>src\actors</Filter>
    </ClCompile>
    <ClCompile Include="..\Classes\PlayerBulletx3.cpp">
      <Filter>src\actors</Filter>
    </ClCompile>
    <ClCompile Include="..\Classes\TouchController.cpp">
      <Filter>src\actors</Filter>
    </ClCompile>
    <ClCompile Include="..\Classes\Level1.cpp">
      <Filter>src\levels</Filter>
    </ClCompile>
    <ClCompile Include="..\Classes\Level2.cpp">
      <Filter>src\levels</Filter>
    </ClCompile>
    <ClCompile Include="..\Classes\Level3.cpp">
      <Filter>src\levels</Filter>
    </ClCompile>
    <ClCompile Include="..\Classes\Level4.cpp">
      <Filter>src\levels</Filter>
    </ClCompile>
    <ClCompile Include="..\Classes\Level5.cpp">
      <Filter>src\levels</Filter>
    </ClCompile>
    <ClCompile Include="..\Classes\Level6.cpp">
      <Filter>src\levels</Filter>
    </ClCompile>
    <ClCompile Include="..\Classes\Level7.cpp">
      <Filter>src\levels</Filter>
    </ClCompile>
    <ClCompile Include="..\Classes\Level8.cpp">
      <Filter>src\levels</Filter>
    </ClCompile>
    <ClCompile Include="..\Classes\Level9.cpp">
      <Filter>src\levels</Filter>
    </ClCompile>
    <ClCompile Include="..\Classes\BaseGameLayer.cpp">
      <Filter>src\levels</Filter>
    </ClCompile>
    <ClCompile Include="..\Classes\CustomAudioManager.cpp">
      <Filter>src\levels</Filter>
    </ClCompile>
    <ClCompile Include="..\Classes\GameManager.cpp">
      <Filter>src\levels</Filter>
    </ClCompile>
    <ClCompile Include="..\Classes\PlayerUpgradeParticle.cpp">
      <Filter>src\components</Filter>
    </ClCompile>
    <ClCompile Include="..\Classes\PlayerUpgradeParticle2.cpp">
      <Filter>src\components</Filter>
    </ClCompile>
    <ClCompile Include="..\Classes\BaseMenuLayer.cpp">
      <Filter>src\menus</Filter>
    </ClCompile>
  </ItemGroup>
  <ItemGroup>
    <ClInclude Include="main.h">
      <Filter>win32</Filter>
    </ClInclude>
    <ClInclude Include="..\Classes\AppDelegate.h">
      <Filter>src\headers</Filter>
    </ClInclude>
    <ClInclude Include="..\Classes\Player.h">
      <Filter>src\headers\actors</Filter>
    </ClInclude>
    <ClInclude Include="..\Classes\TouchController.h">
      <Filter>src\headers\actors</Filter>
    </ClInclude>
    <ClInclude Include="..\Classes\BasicEnemy.h">
      <Filter>src\headers\actors</Filter>
    </ClInclude>
    <ClInclude Include="..\Classes\MediumEnemy.h">
      <Filter>src\headers\actors</Filter>
    </ClInclude>
    <ClInclude Include="..\Classes\HeightEnemy.h">
      <Filter>src\headers\actors</Filter>
    </ClInclude>
    <ClInclude Include="..\Classes\PlayerBullet.h">
      <Filter>src\headers\actors</Filter>
    </ClInclude>
    <ClInclude Include="..\Classes\PlayerBulletx2.h">
      <Filter>src\headers\actors</Filter>
    </ClInclude>
    <ClInclude Include="..\Classes\PlayerBulletx3.h">
      <Filter>src\headers\actors</Filter>
    </ClInclude>
    <ClInclude Include="..\Classes\EnemyBullet.h">
      <Filter>src\headers\actors</Filter>
    </ClInclude>
    <ClInclude Include="..\Classes\EnemyBulletSmart.h">
      <Filter>src\headers\actors</Filter>
    </ClInclude>
    <ClInclude Include="..\Classes\BaseGameLayer.h">
      <Filter>src\headers\levels</Filter>
    </ClInclude>
    <ClInclude Include="..\Classes\Level1.h">
      <Filter>src\headers\levels</Filter>
    </ClInclude>
    <ClInclude Include="..\Classes\Level2.h">
      <Filter>src\headers\levels</Filter>
    </ClInclude>
    <ClInclude Include="..\Classes\Level3.h">
      <Filter>src\headers\levels</Filter>
    </ClInclude>
    <ClInclude Include="..\Classes\Level4.h">
      <Filter>src\headers\levels</Filter>
    </ClInclude>
    <ClInclude Include="..\Classes\Level5.h">
      <Filter>src\headers\levels</Filter>
    </ClInclude>
    <ClInclude Include="..\Classes\Level6.h">
      <Filter>src\headers\levels</Filter>
    </ClInclude>
    <ClInclude Include="..\Classes\Level7.h">
      <Filter>src\headers\levels</Filter>
    </ClInclude>
    <ClInclude Include="..\Classes\Level8.h">
      <Filter>src\headers\levels</Filter>
    </ClInclude>
    <ClInclude Include="..\Classes\Level9.h">
      <Filter>src\headers\levels</Filter>
    </ClInclude>
    <ClInclude Include="..\Classes\CustomAudioManager.h">
      <Filter>src\headers\levels</Filter>
    </ClInclude>
    <ClInclude Include="..\Classes\GameManager.h">
      <Filter>src\headers\levels</Filter>
    </ClInclude>
    <ClInclude Include="..\Classes\Background.h">
      <Filter>src\headers\components</Filter>
    </ClInclude>
    <ClInclude Include="..\Classes\BackGround3Parts.h">
      <Filter>src\headers\components</Filter>
    </ClInclude>
    <ClInclude Include="..\Classes\Blizzard.h">
      <Filter>src\headers\components</Filter>
    </ClInclude>
    <ClInclude Include="..\Classes\Cloud.h">
      <Filter>src\headers\components</Filter>
    </ClInclude>
    <ClInclude Include="..\Classes\HealthParticle.h">
      <Filter>src\headers\components</Filter>
    </ClInclude>
    <ClInclude Include="..\Classes\PlayerUpgradeParticle.h">
      <Filter>src\headers\components</Filter>
    </ClInclude>
    <ClInclude Include="..\Classes\PlayerUpgradeParticle2.h">
      <Filter>src\headers\components</Filter>
    </ClInclude>
    <ClInclude Include="..\Classes\BaseMenuLayer.h">
      <Filter>src\headers\menus</Filter>
    </ClInclude>
    <ClInclude Include="..\Classes\MainMenuLayer.h">
      <Filter>src\headers\menus</Filter>
    </ClInclude>
    <ClInclude Include="..\Classes\SelectMenuLayer.h">
      <Filter>src\headers\menus</Filter>
    </ClInclude>
    <ClInclude Include="..\Classes\OptionsLayer.h">
      <Filter>src\headers\menus</Filter>
    </ClInclude>
  </ItemGroup>
  <ItemGroup>
    <ResourceCompile Include="game.rc">
      <Filter>resource</Filter>
    </ResourceCompile>
  </ItemGroup>
</Project>