<?xml version="1.0" encoding="utf-8"?>
<Project ToolsVersion="4.0" xmlns="http://schemas.microsoft.com/developer/msbuild/2003">
  <ItemGroup>
    <Filter Include="win32">
      <UniqueIdentifier>{84a8ebd7-7cf0-47f6-b75e-d441df67da40}</UniqueIdentifier>
    </Filter>
    <Filter Include="resource">
      <UniqueIdentifier>{715254bc-d70b-4ec5-bf29-467dd3ace079}</UniqueIdentifier>
    </Filter>
    <Filter Include="src">
      <UniqueIdentifier>{bb6c862e-70e9-49d9-81b7-3829a6f50471}</UniqueIdentifier>
    </Filter>
    <Filter Include="src\headers">
      <UniqueIdentifier>{9db6c018-8bba-4ac7-af34-e69b0b9cdddd}</UniqueIdentifier>
    </Filter>
    <Filter Include="src\layers">
      <UniqueIdentifier>{006cf925-4dd4-4d4d-83a6-9a128c5fec39}</UniqueIdentifier>
    </Filter>
    <Filter Include="src\layers\levels">
      <UniqueIdentifier>{5f368af0-60c8-458e-a0ea-953e5ff315df}</UniqueIdentifier>
    </Filter>
    <Filter Include="src\components">
      <UniqueIdentifier>{d58f120c-759e-4266-ad03-2b8e20688b1d}</UniqueIdentifier>
    </Filter>
    <Filter Include="src\layers\menus">
      <UniqueIdentifier>{49eb8522-17a0-42ea-9257-b44e1e64b464}</UniqueIdentifier>
    </Filter>
  </ItemGroup>
  <ItemGroup>
    <ClCompile Include="main.cpp">
      <Filter>win32</Filter>
    </ClCompile>
    <ClCompile Include="..\Classes\AppDelegate.cpp">
      <Filter>src</Filter>
    </ClCompile>
    <ClCompile Include="..\Classes\TouchController.cpp">
      <Filter>src</Filter>
    </ClCompile>
    <ClCompile Include="..\Classes\BaseGameLayer.cpp">
      <Filter>src\layers</Filter>
    </ClCompile>
    <ClCompile Include="..\Classes\BaseMenuLayer.cpp">
      <Filter>src\layers</Filter>
    </ClCompile>
    <ClCompile Include="..\Classes\Background.cpp">
      <Filter>src\components</Filter>
    </ClCompile>
    <ClCompile Include="..\Classes\BackGround3Parts.cpp">
      <Filter>src\components</Filter>
    </ClCompile>
    <ClCompile Include="..\Classes\Player.cpp">
      <Filter>src\components</Filter>
    </ClCompile>
    <ClCompile Include="..\Classes\BasicEnemy.cpp">
      <Filter>src\components</Filter>
    </ClCompile>
    <ClCompile Include="..\Classes\GameManager.cpp">
      <Filter>src</Filter>
    </ClCompile>
    <ClCompile Include="..\Classes\Level1.cpp">
      <Filter>src\layers\levels</Filter>
    </ClCompile>
    <ClCompile Include="..\Classes\MainMenuLayer.cpp">
      <Filter>src\layers\menus</Filter>
    </ClCompile>
    <ClCompile Include="..\Classes\OptionsLayer.cpp">
      <Filter>src\layers\menus</Filter>
    </ClCompile>
    <ClCompile Include="..\Classes\SelectMenuLayer.cpp">
      <Filter>src\layers\menus</Filter>
    </ClCompile>
    <ClCompile Include="..\Classes\PlayerBullet.cpp">
      <Filter>src\components</Filter>
    </ClCompile>
    <ClCompile Include="..\Classes\EnemyBullet.cpp">
      <Filter>src\components</Filter>
    </ClCompile>
    <ClCompile Include="..\Classes\HealthParticle.cpp">
      <Filter>src</Filter>
    </ClCompile>
    <ClCompile Include="..\Classes\Level2.cpp">
      <Filter>src\layers\levels</Filter>
    </ClCompile>
    <ClCompile Include="..\Classes\PlayerUpgradeParticle.cpp">
      <Filter>src\components</Filter>
    </ClCompile>
    <ClCompile Include="..\Classes\PlayerBulletx2.cpp">
      <Filter>src\components</Filter>
    </ClCompile>
  </ItemGroup>
  <ItemGroup>
    <ClInclude Include="main.h">
      <Filter>win32</Filter>
    </ClInclude>
    <ClInclude Include="..\Classes\AppDelegate.h">
      <Filter>src\headers</Filter>
    </ClInclude>
    <ClInclude Include="..\Classes\Background.h">
      <Filter>src\headers</Filter>
    </ClInclude>
    <ClInclude Include="..\Classes\BackGround3Parts.h">
      <Filter>src\headers</Filter>
    </ClInclude>
    <ClInclude Include="..\Classes\BaseGameLayer.h">
      <Filter>src\headers</Filter>
    </ClInclude>
    <ClInclude Include="..\Classes\BaseMenuLayer.h">
      <Filter>src\headers</Filter>
    </ClInclude>
    <ClInclude Include="..\Classes\BasicEnemy.h">
      <Filter>src\headers</Filter>
    </ClInclude>
    <ClInclude Include="..\Classes\GameManager.h">
      <Filter>src\headers</Filter>
    </ClInclude>
    <ClInclude Include="..\Classes\MainMenuLayer.h">
      <Filter>src\headers</Filter>
    </ClInclude>
    <ClInclude Include="..\Classes\OptionsLayer.h">
      <Filter>src\headers</Filter>
    </ClInclude>
    <ClInclude Include="..\Classes\Player.h">
      <Filter>src\headers</Filter>
    </ClInclude>
    <ClInclude Include="..\Classes\SelectMenuLayer.h">
      <Filter>src\headers</Filter>
    </ClInclude>
    <ClInclude Include="..\Classes\TouchController.h">
      <Filter>src\headers</Filter>
    </ClInclude>
    <ClInclude Include="..\Classes\Level1.h">
      <Filter>src\headers</Filter>
    </ClInclude>
    <ClInclude Include="..\Classes\PlayerBullet.h">
      <Filter>src\headers</Filter>
    </ClInclude>
    <ClInclude Include="..\Classes\EnemyBullet.h">
      <Filter>src\headers</Filter>
    </ClInclude>
    <ClInclude Include="..\Classes\Level2.h">
      <Filter>src\headers</Filter>
    </ClInclude>
    <ClInclude Include="..\Classes\PlayerUpgradeParticle.h">
      <Filter>src\headers</Filter>
    </ClInclude>
    <ClInclude Include="..\Classes\HealthParticle.h">
      <Filter>src\headers</Filter>
    </ClInclude>
    <ClInclude Include="..\Classes\PlayerBulletx2.h">
      <Filter>src\headers</Filter>
    </ClInclude>
  </ItemGroup>
  <ItemGroup>
    <ResourceCompile Include="game.rc">
      <Filter>resource</Filter>
    </ResourceCompile>
  </ItemGroup>
</Project>