<?xml version="1.0" encoding="utf-8"?>
<Project ToolsVersion="4.0" xmlns="http://schemas.microsoft.com/developer/msbuild/2003">
  <ItemGroup>
    <Filter Include="win32">
      <UniqueIdentifier>{84a8ebd7-7cf0-47f6-b75e-d441df67da40}</UniqueIdentifier>
    </Filter>
    <Filter Include="resource">
      <UniqueIdentifier>{715254bc-d70b-4ec5-bf29-467dd3ace079}</UniqueIdentifier>
    </Filter>
    <Filter Include="src">
      <UniqueIdentifier>{bb6c862e-70e9-49d9-81b7-3829a6f50471}</UniqueIdentifier>
    </Filter>
    <Filter Include="src\headers">
      <UniqueIdentifier>{0fa7b863-6f84-4eb1-8ddb-658a19c263b7}</UniqueIdentifier>
    </Filter>
    <Filter Include="src\components">
      <UniqueIdentifier>{25e5bea0-99fc-48df-b610-ead1d432bbc7}</UniqueIdentifier>
    </Filter>
    <Filter Include="src\scenes">
      <UniqueIdentifier>{309697b1-f265-4c40-b1d9-2627d39a6a13}</UniqueIdentifier>
    </Filter>
    <Filter Include="src\scenes\levels">
      <UniqueIdentifier>{fc0cb561-1dc5-4161-bc36-9eea6467b9ad}</UniqueIdentifier>
    </Filter>
    <Filter Include="src\scenes\menus">
      <UniqueIdentifier>{cfd94d4a-2a12-48d6-b4d3-8e52d4b7e9f1}</UniqueIdentifier>
    </Filter>
  </ItemGroup>
  <ItemGroup>
    <ClCompile Include="main.cpp">
      <Filter>win32</Filter>
    </ClCompile>
    <ClCompile Include="..\Classes\AppDelegate.cpp">
      <Filter>src</Filter>
    </ClCompile>
    <ClCompile Include="..\Classes\CustomAudioManager.cpp">
      <Filter>src</Filter>
    </ClCompile>
    <ClCompile Include="..\Classes\GameManager.cpp">
      <Filter>src</Filter>
    </ClCompile>
    <ClCompile Include="..\Classes\Background.cpp">
      <Filter>src\components</Filter>
    </ClCompile>
    <ClCompile Include="..\Classes\BackGround3Parts.cpp">
      <Filter>src\components</Filter>
    </ClCompile>
    <ClCompile Include="..\Classes\BasicEnemy.cpp">
      <Filter>src\components</Filter>
    </ClCompile>
    <ClCompile Include="..\Classes\Blizzard.cpp">
      <Filter>src\components</Filter>
    </ClCompile>
    <ClCompile Include="..\Classes\Cloud.cpp">
      <Filter>src\components</Filter>
    </ClCompile>
    <ClCompile Include="..\Classes\EnemyBullet.cpp">
      <Filter>src\components</Filter>
    </ClCompile>
    <ClCompile Include="..\Classes\EnemyBulletSmart.cpp">
      <Filter>src\components</Filter>
    </ClCompile>
    <ClCompile Include="..\Classes\HealthParticle.cpp">
      <Filter>src\components</Filter>
    </ClCompile>
    <ClCompile Include="..\Classes\HeightEnemy.cpp">
      <Filter>src\components</Filter>
    </ClCompile>
    <ClCompile Include="..\Classes\Player.cpp">
      <Filter>src\components</Filter>
    </ClCompile>
    <ClCompile Include="..\Classes\PlayerBullet.cpp">
      <Filter>src\components</Filter>
    </ClCompile>
    <ClCompile Include="..\Classes\PlayerBulletx2.cpp">
      <Filter>src\components</Filter>
    </ClCompile>
    <ClCompile Include="..\Classes\PlayerBulletx3.cpp">
      <Filter>src\components</Filter>
    </ClCompile>
    <ClCompile Include="..\Classes\PlayerUpgradeParticle.cpp">
      <Filter>src\components</Filter>
    </ClCompile>
    <ClCompile Include="..\Classes\PlayerUpgradeParticle2.cpp">
      <Filter>src\components</Filter>
    </ClCompile>
    <ClCompile Include="..\Classes\TouchController.cpp">
      <Filter>src\components</Filter>
    </ClCompile>
    <ClCompile Include="..\Classes\Level1.cpp">
      <Filter>src\scenes\levels</Filter>
    </ClCompile>
    <ClCompile Include="..\Classes\Level2.cpp">
      <Filter>src\scenes\levels</Filter>
    </ClCompile>
    <ClCompile Include="..\Classes\Level3.cpp">
      <Filter>src\scenes\levels</Filter>
    </ClCompile>
    <ClCompile Include="..\Classes\Level4.cpp">
      <Filter>src\scenes\levels</Filter>
    </ClCompile>
    <ClCompile Include="..\Classes\Level5.cpp">
      <Filter>src\scenes\levels</Filter>
    </ClCompile>
    <ClCompile Include="..\Classes\Level6.cpp">
      <Filter>src\scenes\levels</Filter>
    </ClCompile>
    <ClCompile Include="..\Classes\Level7.cpp">
      <Filter>src\scenes\levels</Filter>
    </ClCompile>
    <ClCompile Include="..\Classes\Level8.cpp">
      <Filter>src\scenes\levels</Filter>
    </ClCompile>
    <ClCompile Include="..\Classes\Level9.cpp">
      <Filter>src\scenes\levels</Filter>
    </ClCompile>
    <ClCompile Include="..\Classes\SelectMenuLayer.cpp">
      <Filter>src\scenes\menus</Filter>
    </ClCompile>
    <ClCompile Include="..\Classes\OptionsLayer.cpp">
      <Filter>src\scenes\menus</Filter>
    </ClCompile>
    <ClCompile Include="..\Classes\MainMenuLayer.cpp">
      <Filter>src\scenes\menus</Filter>
    </ClCompile>
    <ClCompile Include="..\Classes\BaseGameLayer.cpp">
      <Filter>src\scenes</Filter>
    </ClCompile>
    <ClCompile Include="..\Classes\BaseMenuLayer.cpp">
      <Filter>src\scenes</Filter>
    </ClCompile>
    <ClCompile Include="..\Classes\MediumEnemy.cpp">
      <Filter>src\components</Filter>
    </ClCompile>
  </ItemGroup>
  <ItemGroup>
    <ClInclude Include="main.h">
      <Filter>win32</Filter>
    </ClInclude>
    <ClInclude Include="..\Classes\AppDelegate.h">
      <Filter>src\headers</Filter>
    </ClInclude>
    <ClInclude Include="..\Classes\Background.h">
      <Filter>src\headers</Filter>
    </ClInclude>
    <ClInclude Include="..\Classes\BackGround3Parts.h">
      <Filter>src\headers</Filter>
    </ClInclude>
    <ClInclude Include="..\Classes\BaseGameLayer.h">
      <Filter>src\headers</Filter>
    </ClInclude>
    <ClInclude Include="..\Classes\BaseMenuLayer.h">
      <Filter>src\headers</Filter>
    </ClInclude>
    <ClInclude Include="..\Classes\BasicEnemy.h">
      <Filter>src\headers</Filter>
    </ClInclude>
    <ClInclude Include="..\Classes\Blizzard.h">
      <Filter>src\headers</Filter>
    </ClInclude>
    <ClInclude Include="..\Classes\Cloud.h">
      <Filter>src\headers</Filter>
    </ClInclude>
    <ClInclude Include="..\Classes\CustomAudioManager.h">
      <Filter>src\headers</Filter>
    </ClInclude>
    <ClInclude Include="..\Classes\EnemyBullet.h">
      <Filter>src\headers</Filter>
    </ClInclude>
    <ClInclude Include="..\Classes\EnemyBulletSmart.h">
      <Filter>src\headers</Filter>
    </ClInclude>
    <ClInclude Include="..\Classes\GameManager.h">
      <Filter>src\headers</Filter>
    </ClInclude>
    <ClInclude Include="..\Classes\HealthParticle.h">
      <Filter>src\headers</Filter>
    </ClInclude>
    <ClInclude Include="..\Classes\HeightEnemy.h">
      <Filter>src\headers</Filter>
    </ClInclude>
    <ClInclude Include="..\Classes\Level1.h">
      <Filter>src\headers</Filter>
    </ClInclude>
    <ClInclude Include="..\Classes\Level2.h">
      <Filter>src\headers</Filter>
    </ClInclude>
    <ClInclude Include="..\Classes\Level3.h">
      <Filter>src\headers</Filter>
    </ClInclude>
    <ClInclude Include="..\Classes\Level4.h">
      <Filter>src\headers</Filter>
    </ClInclude>
    <ClInclude Include="..\Classes\Level5.h">
      <Filter>src\headers</Filter>
    </ClInclude>
    <ClInclude Include="..\Classes\Level6.h">
      <Filter>src\headers</Filter>
    </ClInclude>
    <ClInclude Include="..\Classes\Level7.h">
      <Filter>src\headers</Filter>
    </ClInclude>
    <ClInclude Include="..\Classes\Level8.h">
      <Filter>src\headers</Filter>
    </ClInclude>
    <ClInclude Include="..\Classes\Level9.h">
      <Filter>src\headers</Filter>
    </ClInclude>
    <ClInclude Include="..\Classes\MainMenuLayer.h">
      <Filter>src\headers</Filter>
    </ClInclude>
    <ClInclude Include="..\Classes\MediumEnemy.h">
      <Filter>src\headers</Filter>
    </ClInclude>
    <ClInclude Include="..\Classes\OptionsLayer.h">
      <Filter>src\headers</Filter>
    </ClInclude>
    <ClInclude Include="..\Classes\Player.h">
      <Filter>src\headers</Filter>
    </ClInclude>
    <ClInclude Include="..\Classes\PlayerBullet.h">
      <Filter>src\headers</Filter>
    </ClInclude>
    <ClInclude Include="..\Classes\PlayerBulletx2.h">
      <Filter>src\headers</Filter>
    </ClInclude>
    <ClInclude Include="..\Classes\PlayerBulletx3.h">
      <Filter>src\headers</Filter>
    </ClInclude>
    <ClInclude Include="..\Classes\PlayerUpgradeParticle.h">
      <Filter>src\headers</Filter>
    </ClInclude>
    <ClInclude Include="..\Classes\PlayerUpgradeParticle2.h">
      <Filter>src\headers</Filter>
    </ClInclude>
    <ClInclude Include="..\Classes\SelectMenuLayer.h">
      <Filter>src\headers</Filter>
    </ClInclude>
    <ClInclude Include="..\Classes\TouchController.h">
      <Filter>src\headers</Filter>
    </ClInclude>
  </ItemGroup>
  <ItemGroup>
    <ResourceCompile Include="game.rc">
      <Filter>resource</Filter>
    </ResourceCompile>
  </ItemGroup>
</Project>